// !$*UTF8*$!
{
	archiveVersion = 1;
	classes = {
	};
	objectVersion = 50;
	objects = {

/* Begin PBXBuildFile section */
		EA4D1C6724CC2C4E004C3577 /* Assets.xcassets in Resources */ = {isa = PBXBuildFile; fileRef = EA4D1C6624CC2C4E004C3577 /* Assets.xcassets */; };
		EA4D1C6924CC2CDB004C3577 /* Home.swift in Sources */ = {isa = PBXBuildFile; fileRef = EA4D1C6824CC2CDB004C3577 /* Home.swift */; };
		EAE0E6FB24CC29F10021629B /* AppDelegate.swift in Sources */ = {isa = PBXBuildFile; fileRef = EAE0E6FA24CC29F10021629B /* AppDelegate.swift */; };
		EAE0E6FD24CC29F10021629B /* SceneDelegate.swift in Sources */ = {isa = PBXBuildFile; fileRef = EAE0E6FC24CC29F10021629B /* SceneDelegate.swift */; };
		EAE0E70424CC29F20021629B /* Preview Assets.xcassets in Resources */ = {isa = PBXBuildFile; fileRef = EAE0E70324CC29F20021629B /* Preview Assets.xcassets */; };
		EAE0E70724CC29F20021629B /* LaunchScreen.storyboard in Resources */ = {isa = PBXBuildFile; fileRef = EAE0E70524CC29F20021629B /* LaunchScreen.storyboard */; };
/* End PBXBuildFile section */

/* Begin PBXFileReference section */
		EA4D1C6624CC2C4E004C3577 /* Assets.xcassets */ = {isa = PBXFileReference; lastKnownFileType = folder.assetcatalog; path = Assets.xcassets; sourceTree = "<group>"; };
		EA4D1C6824CC2CDB004C3577 /* Home.swift */ = {isa = PBXFileReference; lastKnownFileType = sourcecode.swift; path = Home.swift; sourceTree = "<group>"; };
		EAE0E6F724CC29F10021629B /* COVID19-State.app */ = {isa = PBXFileReference; explicitFileType = wrapper.application; includeInIndex = 0; path = "COVID19-State.app"; sourceTree = BUILT_PRODUCTS_DIR; };
		EAE0E6FA24CC29F10021629B /* AppDelegate.swift */ = {isa = PBXFileReference; lastKnownFileType = sourcecode.swift; path = AppDelegate.swift; sourceTree = "<group>"; };
		EAE0E6FC24CC29F10021629B /* SceneDelegate.swift */ = {isa = PBXFileReference; lastKnownFileType = sourcecode.swift; path = SceneDelegate.swift; sourceTree = "<group>"; };
		EAE0E70324CC29F20021629B /* Preview Assets.xcassets */ = {isa = PBXFileReference; lastKnownFileType = folder.assetcatalog; path = "Preview Assets.xcassets"; sourceTree = "<group>"; };
		EAE0E70624CC29F20021629B /* Base */ = {isa = PBXFileReference; lastKnownFileType = file.storyboard; name = Base; path = Base.lproj/LaunchScreen.storyboard; sourceTree = "<group>"; };
		EAE0E70824CC29F20021629B /* Info.plist */ = {isa = PBXFileReference; lastKnownFileType = text.plist.xml; path = Info.plist; sourceTree = "<group>"; };
/* End PBXFileReference section */

/* Begin PBXFrameworksBuildPhase section */
		EAE0E6F424CC29F10021629B /* Frameworks */ = {
			isa = PBXFrameworksBuildPhase;
			buildActionMask = 2147483647;
			files = (
			);
			runOnlyForDeploymentPostprocessing = 0;
		};
/* End PBXFrameworksBuildPhase section */

/* Begin PBXGroup section */
		EA4D1C6224CC2C14004C3577 /* Views */ = {
			isa = PBXGroup;
			children = (
				EA4D1C6824CC2CDB004C3577 /* Home.swift */,
			);
			path = Views;
			sourceTree = "<group>";
		};
		EA4D1C6324CC2C1E004C3577 /* ViewModels */ = {
			isa = PBXGroup;
			children = (
			);
			path = ViewModels;
			sourceTree = "<group>";
		};
		EA4D1C6424CC2C26004C3577 /* Models */ = {
			isa = PBXGroup;
			children = (
			);
			path = Models;
			sourceTree = "<group>";
		};
		EA4D1C6524CC2C2C004C3577 /* App */ = {
			isa = PBXGroup;
			children = (
				EAE0E6FC24CC29F10021629B /* SceneDelegate.swift */,
				EAE0E6FA24CC29F10021629B /* AppDelegate.swift */,
			);
			path = App;
			sourceTree = "<group>";
		};
		EAE0E6EE24CC29F10021629B = {
			isa = PBXGroup;
			children = (
				EAE0E6F924CC29F10021629B /* COVID19-State */,
				EAE0E6F824CC29F10021629B /* Products */,
			);
			sourceTree = "<group>";
		};
		EAE0E6F824CC29F10021629B /* Products */ = {
			isa = PBXGroup;
			children = (
				EAE0E6F724CC29F10021629B /* COVID19-State.app */,
			);
			name = Products;
			sourceTree = "<group>";
		};
		EAE0E6F924CC29F10021629B /* COVID19-State */ = {
			isa = PBXGroup;
			children = (
				EA4D1C6524CC2C2C004C3577 /* App */,
				EA4D1C6424CC2C26004C3577 /* Models */,
				EA4D1C6324CC2C1E004C3577 /* ViewModels */,
				EA4D1C6224CC2C14004C3577 /* Views */,
				EA4D1C6624CC2C4E004C3577 /* Assets.xcassets */,
				EAE0E70524CC29F20021629B /* LaunchScreen.storyboard */,
				EAE0E70824CC29F20021629B /* Info.plist */,
				EAE0E70224CC29F20021629B /* Preview Content */,
			);
			path = "COVID19-State";
			sourceTree = "<group>";
		};
		EAE0E70224CC29F20021629B /* Preview Content */ = {
			isa = PBXGroup;
			children = (
				EAE0E70324CC29F20021629B /* Preview Assets.xcassets */,
			);
			path = "Preview Content";
			sourceTree = "<group>";
		};
/* End PBXGroup section */

/* Begin PBXNativeTarget section */
		EAE0E6F624CC29F10021629B /* COVID19-State */ = {
			isa = PBXNativeTarget;
			buildConfigurationList = EAE0E70B24CC29F20021629B /* Build configuration list for PBXNativeTarget "COVID19-State" */;
			buildPhases = (
				EAE0E6F324CC29F10021629B /* Sources */,
				EAE0E6F424CC29F10021629B /* Frameworks */,
				EAE0E6F524CC29F10021629B /* Resources */,
			);
			buildRules = (
			);
			dependencies = (
			);
			name = "COVID19-State";
			productName = "COVID19-State";
			productReference = EAE0E6F724CC29F10021629B /* COVID19-State.app */;
			productType = "com.apple.product-type.application";
		};
/* End PBXNativeTarget section */

/* Begin PBXProject section */
		EAE0E6EF24CC29F10021629B /* Project object */ = {
			isa = PBXProject;
			attributes = {
				LastSwiftUpdateCheck = 1160;
				LastUpgradeCheck = 1160;
				ORGANIZATIONNAME = "YangHan-Morningstar";
				TargetAttributes = {
					EAE0E6F624CC29F10021629B = {
						CreatedOnToolsVersion = 11.6;
					};
				};
			};
			buildConfigurationList = EAE0E6F224CC29F10021629B /* Build configuration list for PBXProject "COVID19-State" */;
			compatibilityVersion = "Xcode 9.3";
			developmentRegion = en;
			hasScannedForEncodings = 0;
			knownRegions = (
				en,
				Base,
			);
			mainGroup = EAE0E6EE24CC29F10021629B;
			productRefGroup = EAE0E6F824CC29F10021629B /* Products */;
			projectDirPath = "";
			projectRoot = "";
			targets = (
				EAE0E6F624CC29F10021629B /* COVID19-State */,
			);
		};
/* End PBXProject section */

/* Begin PBXResourcesBuildPhase section */
		EAE0E6F524CC29F10021629B /* Resources */ = {
			isa = PBXResourcesBuildPhase;
			buildActionMask = 2147483647;
			files = (
				EAE0E70724CC29F20021629B /* LaunchScreen.storyboard in Resources */,
				EA4D1C6724CC2C4E004C3577 /* Assets.xcassets in Resources */,
				EAE0E70424CC29F20021629B /* Preview Assets.xcassets in Resources */,
			);
			runOnlyForDeploymentPostprocessing = 0;
		};
/* End PBXResourcesBuildPhase section */

/* Begin PBXSourcesBuildPhase section */
		EAE0E6F324CC29F10021629B /* Sources */ = {
			isa = PBXSourcesBuildPhase;
			buildActionMask = 2147483647;
			files = (
				EAE0E6FB24CC29F10021629B /* AppDelegate.swift in Sources */,
				EAE0E6FD24CC29F10021629B /* SceneDelegate.swift in Sources */,
				EA4D1C6924CC2CDB004C3577 /* Home.swift in Sources */,
			);
			runOnlyForDeploymentPostprocessing = 0;
		};
/* End PBXSourcesBuildPhase section */

/* Begin PBXVariantGroup section */
		EAE0E70524CC29F20021629B /* LaunchScreen.storyboard */ = {
			isa = PBXVariantGroup;
			children = (
				EAE0E70624CC29F20021629B /* Base */,
			);
			name = LaunchScreen.storyboard;
			sourceTree = "<group>";
		};
/* End PBXVariantGroup section */

/* Begin XCBuildConfiguration section */
		EAE0E70924CC29F20021629B /* Debug */ = {
			isa = XCBuildConfiguration;
			buildSettings = {
				ALWAYS_SEARCH_USER_PATHS = NO;
				CLANG_ANALYZER_NONNULL = YES;
				CLANG_ANALYZER_NUMBER_OBJECT_CONVERSION = YES_AGGRESSIVE;
				CLANG_CXX_LANGUAGE_STANDARD = "gnu++14";
				CLANG_CXX_LIBRARY = "libc++";
				CLANG_ENABLE_MODULES = YES;
				CLANG_ENABLE_OBJC_ARC = YES;
				CLANG_ENABLE_OBJC_WEAK = YES;
				CLANG_WARN_BLOCK_CAPTURE_AUTORELEASING = YES;
				CLANG_WARN_BOOL_CONVERSION = YES;
				CLANG_WARN_COMMA = YES;
				CLANG_WARN_CONSTANT_CONVERSION = YES;
				CLANG_WARN_DEPRECATED_OBJC_IMPLEMENTATIONS = YES;
				CLANG_WARN_DIRECT_OBJC_ISA_USAGE = YES_ERROR;
				CLANG_WARN_DOCUMENTATION_COMMENTS = YES;
				CLANG_WARN_EMPTY_BODY = YES;
				CLANG_WARN_ENUM_CONVERSION = YES;
				CLANG_WARN_INFINITE_RECURSION = YES;
				CLANG_WARN_INT_CONVERSION = YES;
				CLANG_WARN_NON_LITERAL_NULL_CONVERSION = YES;
				CLANG_WARN_OBJC_IMPLICIT_RETAIN_SELF = YES;
				CLANG_WARN_OBJC_LITERAL_CONVERSION = YES;
				CLANG_WARN_OBJC_ROOT_CLASS = YES_ERROR;
				CLANG_WARN_RANGE_LOOP_ANALYSIS = YES;
				CLANG_WARN_STRICT_PROTOTYPES = YES;
				CLANG_WARN_SUSPICIOUS_MOVE = YES;
				CLANG_WARN_UNGUARDED_AVAILABILITY = YES_AGGRESSIVE;
				CLANG_WARN_UNREACHABLE_CODE = YES;
				CLANG_WARN__DUPLICATE_METHOD_MATCH = YES;
				COPY_PHASE_STRIP = NO;
				DEBUG_INFORMATION_FORMAT = dwarf;
				ENABLE_STRICT_OBJC_MSGSEND = YES;
				ENABLE_TESTABILITY = YES;
				GCC_C_LANGUAGE_STANDARD = gnu11;
				GCC_DYNAMIC_NO_PIC = NO;
				GCC_NO_COMMON_BLOCKS = YES;
				GCC_OPTIMIZATION_LEVEL = 0;
				GCC_PREPROCESSOR_DEFINITIONS = (
					"DEBUG=1",
					"$(inherited)",
				);
				GCC_WARN_64_TO_32_BIT_CONVERSION = YES;
				GCC_WARN_ABOUT_RETURN_TYPE = YES_ERROR;
				GCC_WARN_UNDECLARED_SELECTOR = YES;
				GCC_WARN_UNINITIALIZED_AUTOS = YES_AGGRESSIVE;
				GCC_WARN_UNUSED_FUNCTION = YES;
				GCC_WARN_UNUSED_VARIABLE = YES;
				IPHONEOS_DEPLOYMENT_TARGET = 13.6;
				MTL_ENABLE_DEBUG_INFO = INCLUDE_SOURCE;
				MTL_FAST_MATH = YES;
				ONLY_ACTIVE_ARCH = YES;
				SDKROOT = iphoneos;
				SWIFT_ACTIVE_COMPILATION_CONDITIONS = DEBUG;
				SWIFT_OPTIMIZATION_LEVEL = "-Onone";
			};
			name = Debug;
		};
		EAE0E70A24CC29F20021629B /* Release */ = {
			isa = XCBuildConfiguration;
			buildSettings = {
				ALWAYS_SEARCH_USER_PATHS = NO;
				CLANG_ANALYZER_NONNULL = YES;
				CLANG_ANALYZER_NUMBER_OBJECT_CONVERSION = YES_AGGRESSIVE;
				CLANG_CXX_LANGUAGE_STANDARD = "gnu++14";
				CLANG_CXX_LIBRARY = "libc++";
				CLANG_ENABLE_MODULES = YES;
				CLANG_ENABLE_OBJC_ARC = YES;
				CLANG_ENABLE_OBJC_WEAK = YES;
				CLANG_WARN_BLOCK_CAPTURE_AUTORELEASING = YES;
				CLANG_WARN_BOOL_CONVERSION = YES;
				CLANG_WARN_COMMA = YES;
				CLANG_WARN_CONSTANT_CONVERSION = YES;
				CLANG_WARN_DEPRECATED_OBJC_IMPLEMENTATIONS = YES;
				CLANG_WARN_DIRECT_OBJC_ISA_USAGE = YES_ERROR;
				CLANG_WARN_DOCUMENTATION_COMMENTS = YES;
				CLANG_WARN_EMPTY_BODY = YES;
				CLANG_WARN_ENUM_CONVERSION = YES;
				CLANG_WARN_INFINITE_RECURSION = YES;
				CLANG_WARN_INT_CONVERSION = YES;
				CLANG_WARN_NON_LITERAL_NULL_CONVERSION = YES;
				CLANG_WARN_OBJC_IMPLICIT_RETAIN_SELF = YES;
				CLANG_WARN_OBJC_LITERAL_CONVERSION = YES;
				CLANG_WARN_OBJC_ROOT_CLASS = YES_ERROR;
				CLANG_WARN_RANGE_LOOP_ANALYSIS = YES;
				CLANG_WARN_STRICT_PROTOTYPES = YES;
				CLANG_WARN_SUSPICIOUS_MOVE = YES;
				CLANG_WARN_UNGUARDED_AVAILABILITY = YES_AGGRESSIVE;
				CLANG_WARN_UNREACHABLE_CODE = YES;
				CLANG_WARN__DUPLICATE_METHOD_MATCH = YES;
				COPY_PHASE_STRIP = NO;
				DEBUG_INFORMATION_FORMAT = "dwarf-with-dsym";
				ENABLE_NS_ASSERTIONS = NO;
				ENABLE_STRICT_OBJC_MSGSEND = YES;
				GCC_C_LANGUAGE_STANDARD = gnu11;
				GCC_NO_COMMON_BLOCKS = YES;
				GCC_WARN_64_TO_32_BIT_CONVERSION = YES;
				GCC_WARN_ABOUT_RETURN_TYPE = YES_ERROR;
				GCC_WARN_UNDECLARED_SELECTOR = YES;
				GCC_WARN_UNINITIALIZED_AUTOS = YES_AGGRESSIVE;
				GCC_WARN_UNUSED_FUNCTION = YES;
				GCC_WARN_UNUSED_VARIABLE = YES;
				IPHONEOS_DEPLOYMENT_TARGET = 13.6;
				MTL_ENABLE_DEBUG_INFO = NO;
				MTL_FAST_MATH = YES;
				SDKROOT = iphoneos;
				SWIFT_COMPILATION_MODE = wholemodule;
				SWIFT_OPTIMIZATION_LEVEL = "-O";
				VALIDATE_PRODUCT = YES;
			};
			name = Release;
		};
		EAE0E70C24CC29F20021629B /* Debug */ = {
			isa = XCBuildConfiguration;
			buildSettings = {
				ASSETCATALOG_COMPILER_APPICON_NAME = AppIcon;
				CODE_SIGN_STYLE = Automatic;
				DEVELOPMENT_ASSET_PATHS = "\"COVID19-State/Preview Content\"";
				DEVELOPMENT_TEAM = NZUV26978H;
				ENABLE_PREVIEWS = YES;
				INFOPLIST_FILE = "COVID19-State/Info.plist";
				LD_RUNPATH_SEARCH_PATHS = (
					"$(inherited)",
					"@executable_path/Frameworks",
				);
				PRODUCT_BUNDLE_IDENTIFIER = "com.yanghan.COVID19-State";
				PRODUCT_NAME = "$(TARGET_NAME)";
				SWIFT_VERSION = 5.0;
				TARGETED_DEVICE_FAMILY = "1,2";
			};
			name = Debug;
		};
		EAE0E70D24CC29F20021629B /* Release */ = {
			isa = XCBuildConfiguration;
			buildSettings = {
				ASSETCATALOG_COMPILER_APPICON_NAME = AppIcon;
				CODE_SIGN_STYLE = Automatic;
				DEVELOPMENT_ASSET_PATHS = "\"COVID19-State/Preview Content\"";
				DEVELOPMENT_TEAM = NZUV26978H;
				ENABLE_PREVIEWS = YES;
				INFOPLIST_FILE = "COVID19-State/Info.plist";
				LD_RUNPATH_SEARCH_PATHS = (
					"$(inherited)",
					"@executable_path/Frameworks",
				);
				PRODUCT_BUNDLE_IDENTIFIER = "com.yanghan.COVID19-State";
				PRODUCT_NAME = "$(TARGET_NAME)";
				SWIFT_VERSION = 5.0;
				TARGETED_DEVICE_FAMILY = "1,2";
			};
			name = Release;
		};
/* End XCBuildConfiguration section */

/* Begin XCConfigurationList section */
		EAE0E6F224CC29F10021629B /* Build configuration list for PBXProject "COVID19-State" */ = {
			isa = XCConfigurationList;
			buildConfigurations = (
				EAE0E70924CC29F20021629B /* Debug */,
				EAE0E70A24CC29F20021629B /* Release */,
			);
			defaultConfigurationIsVisible = 0;
			defaultConfigurationName = Release;
		};
		EAE0E70B24CC29F20021629B /* Build configuration list for PBXNativeTarget "COVID19-State" */ = {
			isa = XCConfigurationList;
			buildConfigurations = (
				EAE0E70C24CC29F20021629B /* Debug */,
				EAE0E70D24CC29F20021629B /* Release */,
			);
			defaultConfigurationIsVisible = 0;
			defaultConfigurationName = Release;
		};
/* End XCConfigurationList section */
	};
	rootObject = EAE0E6EF24CC29F10021629B /* Project object */;
}
